{
  "requires": true,
  "lockfileVersion": 1,
  "dependencies": {
    "@babel/runtime": {
      "version": "7.16.0",
      "resolved": "https://registry.npmjs.org/@babel/runtime/-/runtime-7.16.0.tgz",
      "integrity": "sha512-Nht8L0O8YCktmsDV6FqFue7vQLRx3Hb0B37lS5y0jDRqRxlBG4wIJHnf9/bgSE2UyipKFA01YtS+npRdTWBUyw==",
      "requires": {
        "regenerator-runtime": "^0.13.4"
      }
    },
    "@emotion/cache": {
      "version": "11.5.0",
      "resolved": "https://registry.npmjs.org/@emotion/cache/-/cache-11.5.0.tgz",
      "integrity": "sha512-mAZ5QRpLriBtaj/k2qyrXwck6yeoz1V5lMt/jfj6igWU35yYlNKs2LziXVgvH81gnJZ+9QQNGelSsnuoAy6uIw==",
      "requires": {
        "@emotion/memoize": "^0.7.4",
        "@emotion/sheet": "^1.0.3",
        "@emotion/utils": "^1.0.0",
        "@emotion/weak-memoize": "^0.2.5",
        "stylis": "^4.0.10"
      }
    },
    "@emotion/is-prop-valid": {
      "version": "1.1.0",
      "resolved": "https://registry.npmjs.org/@emotion/is-prop-valid/-/is-prop-valid-1.1.0.tgz",
      "integrity": "sha512-9RkilvXAufQHsSsjQ3PIzSns+pxuX4EW8EbGeSPjZMHuMx6z/MOzb9LpqNieQX4F3mre3NWS2+X3JNRHTQztUQ==",
      "requires": {
        "@emotion/memoize": "^0.7.4"
      }
    },
    "@emotion/memoize": {
      "version": "0.7.5",
      "resolved": "https://registry.npmjs.org/@emotion/memoize/-/memoize-0.7.5.tgz",
      "integrity": "sha512-igX9a37DR2ZPGYtV6suZ6whr8pTFtyHL3K/oLUotxpSVO2ASaprmAe2Dkq7tBo7CRY7MMDrAa9nuQP9/YG8FxQ=="
    },
    "@emotion/sheet": {
      "version": "1.0.3",
      "resolved": "https://registry.npmjs.org/@emotion/sheet/-/sheet-1.0.3.tgz",
      "integrity": "sha512-YoX5GyQ4db7LpbmXHMuc8kebtBGP6nZfRC5Z13OKJMixBEwdZrJ914D6yJv/P+ZH/YY3F5s89NYX2hlZAf3SRQ=="
    },
    "@emotion/utils": {
      "version": "1.0.0",
      "resolved": "https://registry.npmjs.org/@emotion/utils/-/utils-1.0.0.tgz",
      "integrity": "sha512-mQC2b3XLDs6QCW+pDQDiyO/EdGZYOygE8s5N5rrzjSI4M3IejPE/JPndCBwRT9z982aqQNi6beWs1UeayrQxxA=="
    },
    "@emotion/weak-memoize": {
      "version": "0.2.5",
      "resolved": "https://registry.npmjs.org/@emotion/weak-memoize/-/weak-memoize-0.2.5.tgz",
      "integrity": "sha512-6U71C2Wp7r5XtFtQzYrW5iKFT67OixrSxjI4MptCHzdSVlgabczzqLe0ZSgnub/5Kp4hSbpDB1tMytZY9pwxxA=="
    },
    "@mui/core": {
      "version": "5.0.0-alpha.53",
      "resolved": "https://registry.npmjs.org/@mui/core/-/core-5.0.0-alpha.53.tgz",
      "integrity": "sha512-dTwuhzE0puewJ+/Cw35iAiaBGVcZqVyqspheQHVJuhysSd+o58SONRAiM6MQgI/iFKiJ57HKh+En1MwuC7DMLw==",
      "requires": {
        "@babel/runtime": "^7.15.4",
        "@emotion/is-prop-valid": "^1.1.0",
        "@mui/utils": "^5.0.1",
        "@popperjs/core": "^2.4.4",
        "clsx": "^1.1.1",
        "prop-types": "^15.7.2",
        "react-is": "^17.0.2"
      }
    },
    "@mui/private-theming": {
      "version": "5.0.1",
      "resolved": "https://registry.npmjs.org/@mui/private-theming/-/private-theming-5.0.1.tgz",
      "integrity": "sha512-R8Cf2+32cG1OXFAqTighA5Mx9R5BQ57cN1ZVaNgfgdbI87Yig2fVMdFSPrw3txcjKlnwsvFJF8AdwQMqq1tJ3Q==",
      "requires": {
        "@babel/runtime": "^7.15.4",
        "@mui/utils": "^5.0.1",
        "prop-types": "^15.7.2"
      }
    },
    "@mui/styled-engine": {
      "version": "5.0.2",
      "resolved": "https://registry.npmjs.org/@mui/styled-engine/-/styled-engine-5.0.2.tgz",
      "integrity": "sha512-vApnXLj/5V+SbBy+jGFtPgu3tgs0ybSdwWLwXcnUAdNdRyJBffi2KyOP8fhUONLOcZBMU2heNXWz/Zqn5kbDKQ==",
      "requires": {
        "@babel/runtime": "^7.15.4",
        "@emotion/cache": "^11.5.0",
        "prop-types": "^15.7.2"
      }
    },
    "@mui/system": {
      "version": "5.0.6",
      "resolved": "https://registry.npmjs.org/@mui/system/-/system-5.0.6.tgz",
      "integrity": "sha512-qZdgODiO82/r1bH9KV5bdqqx/q14i32OGUK/bO6phhXM/DX0TmWSUsnPqFX4F7/UKrvBHsGzIb8ohdRuihQD+Q==",
      "requires": {
        "@babel/runtime": "^7.15.4",
        "@mui/private-theming": "^5.0.1",
        "@mui/styled-engine": "^5.0.2",
        "@mui/types": "^7.0.0",
        "@mui/utils": "^5.0.1",
        "clsx": "^1.1.1",
        "csstype": "^3.0.9",
        "prop-types": "^15.7.2"
      }
    },
    "@mui/types": {
      "version": "7.0.0",
      "resolved": "https://registry.npmjs.org/@mui/types/-/types-7.0.0.tgz",
      "integrity": "sha512-M/tkF2pZ4uoPhZ8pnNhlVnOFtz6F3dnYKIsnj8MuXKT6d26IE2u0UjA8B0275ggN74dR9rlHG5xJt5jgDx/Ung=="
    },
    "@mui/utils": {
      "version": "5.0.1",
      "resolved": "https://registry.npmjs.org/@mui/utils/-/utils-5.0.1.tgz",
      "integrity": "sha512-GWO104N+o9KG5fKiTEYnAg7kONKEg3vLN+VROAU0f3it6lFGLCVPcQYex/1gJ4QAy96u6Ez8/Hmmhi1+3cX0tQ==",
      "requires": {
        "@babel/runtime": "^7.15.4",
        "@types/prop-types": "^15.7.4",
        "@types/react-is": "^16.7.1 || ^17.0.0",
        "prop-types": "^15.7.2",
        "react-is": "^17.0.2"
      }
    },
    "@popperjs/core": {
      "version": "2.10.2",
      "resolved": "https://registry.npmjs.org/@popperjs/core/-/core-2.10.2.tgz",
      "integrity": "sha512-IXf3XA7+XyN7CP9gGh/XB0UxVMlvARGEgGXLubFICsUMGz6Q+DU+i4gGlpOxTjKvXjkJDJC8YdqdKkDj9qZHEQ=="
    },
    "@types/prop-types": {
      "version": "15.7.4",
      "resolved": "https://registry.npmjs.org/@types/prop-types/-/prop-types-15.7.4.tgz",
      "integrity": "sha512-rZ5drC/jWjrArrS8BR6SIr4cWpW09RNTYt9AMZo3Jwwif+iacXAqgVjm0B0Bv/S1jhDXKHqRVNCbACkJ89RAnQ=="
    },
    "@types/react": {
      "version": "17.0.34",
      "resolved": "https://registry.npmjs.org/@types/react/-/react-17.0.34.tgz",
      "integrity": "sha512-46FEGrMjc2+8XhHXILr+3+/sTe3OfzSPU9YGKILLrUYbQ1CLQC9Daqo1KzENGXAWwrFwiY0l4ZbF20gRvgpWTg==",
      "requires": {
        "@types/prop-types": "*",
        "@types/scheduler": "*",
        "csstype": "^3.0.2"
      }
    },
    "@types/react-is": {
      "version": "17.0.3",
      "resolved": "https://registry.npmjs.org/@types/react-is/-/react-is-17.0.3.tgz",
      "integrity": "sha512-aBTIWg1emtu95bLTLx0cpkxwGW3ueZv71nE2YFBpL8k/z5czEW8yYpOo8Dp+UUAFAtKwNaOsh/ioSeQnWlZcfw==",
      "requires": {
        "@types/react": "*"
      }
    },
    "@types/react-transition-group": {
      "version": "4.4.4",
      "resolved": "https://registry.npmjs.org/@types/react-transition-group/-/react-transition-group-4.4.4.tgz",
      "integrity": "sha512-7gAPz7anVK5xzbeQW9wFBDg7G++aPLAFY0QaSMOou9rJZpbuI58WAuJrgu+qR92l61grlnCUe7AFX8KGahAgug==",
      "requires": {
        "@types/react": "*"
      }
    },
    "@types/scheduler": {
      "version": "0.16.2",
      "resolved": "https://registry.npmjs.org/@types/scheduler/-/scheduler-0.16.2.tgz",
      "integrity": "sha512-hppQEBDmlwhFAXKJX2KnWLYu5yMfi91yazPb2l+lbJiwW+wdo1gNeRA+3RgNSO39WYX2euey41KEwnqesU2Jew=="
    },
    "clsx": {
      "version": "1.1.1",
      "resolved": "https://registry.npmjs.org/clsx/-/clsx-1.1.1.tgz",
      "integrity": "sha512-6/bPho624p3S2pMyvP5kKBPXnI3ufHLObBFCfgx+LkeR5lg2XYy2hqZqUf45ypD8COn2bhgGJSUE+l5dhNBieA=="
    },
    "csstype": {
      "version": "3.0.9",
      "resolved": "https://registry.npmjs.org/csstype/-/csstype-3.0.9.tgz",
      "integrity": "sha512-rpw6JPxK6Rfg1zLOYCSwle2GFOOsnjmDYDaBwEcwoOg4qlsIVCN789VkBZDJAGi4T07gI4YSutR43t9Zz4Lzuw=="
    },
    "dom-helpers": {
      "version": "5.2.1",
      "resolved": "https://registry.npmjs.org/dom-helpers/-/dom-helpers-5.2.1.tgz",
      "integrity": "sha512-nRCa7CK3VTrM2NmGkIy4cbK7IZlgBE/PYMn55rrXefr5xXDP0LdtfPnblFDoVdcAfslJ7or6iqAUnx0CCGIWQA==",
      "requires": {
        "@babel/runtime": "^7.8.7",
        "csstype": "^3.0.2"
      }
    },
    "history": {
      "version": "5.1.0",
      "resolved": "https://registry.npmjs.org/history/-/history-5.1.0.tgz",
      "integrity": "sha512-zPuQgPacm2vH2xdORvGGz1wQMuHSIB56yNAy5FnLuwOwgSYyPKptJtcMm6Ev+hRGeS+GzhbmRacHzvlESbFwDg==",
      "requires": {
        "@babel/runtime": "^7.7.6"
      }
    },
    "hoist-non-react-statics": {
      "version": "3.3.2",
      "resolved": "https://registry.npmjs.org/hoist-non-react-statics/-/hoist-non-react-statics-3.3.2.tgz",
      "integrity": "sha512-/gGivxi8JPKWNm/W0jSmzcMPpfpPLc3dY/6GxhX2hQ9iGj3aDfklV4ET7NjKpSinLpJ5vafa9iiGIEZg10SfBw==",
      "requires": {
        "react-is": "^16.7.0"
      },
      "dependencies": {
        "react-is": {
          "version": "16.13.1",
          "resolved": "https://registry.npmjs.org/react-is/-/react-is-16.13.1.tgz",
          "integrity": "sha512-24e6ynE2H+OKt4kqsOvNd8kBpV65zoxbA4BVsEOB3ARVWQki/DHzaUoC5KuON/BiccDaCCTZBuOcfZs70kR8bQ=="
        }
      }
    },
    "js-tokens": {
      "version": "4.0.0",
      "resolved": "https://registry.npmjs.org/js-tokens/-/js-tokens-4.0.0.tgz",
      "integrity": "sha512-RdJUflcE3cUzKiMqQgsCu06FPu9UdIJO0beYbPhHN4k6apgJtifcoCtT9bcxOpYBtpD2kCM6Sbzg4CausW/PKQ=="
    },
    "loose-envify": {
      "version": "1.4.0",
      "resolved": "https://registry.npmjs.org/loose-envify/-/loose-envify-1.4.0.tgz",
      "integrity": "sha512-lyuxPGr/Wfhrlem2CL/UcnUc1zcqKAImBDzukY7Y5F/yQiNdko6+fRLevlw1HgMySw7f611UIY408EtxRSoK3Q==",
      "requires": {
        "js-tokens": "^3.0.0 || ^4.0.0"
      }
    },
    "object-assign": {
      "version": "4.1.1",
      "resolved": "https://registry.npmjs.org/object-assign/-/object-assign-4.1.1.tgz",
      "integrity": "sha1-IQmtx5ZYh8/AXLvUQsrIv7s2CGM="
    },
    "prop-types": {
      "version": "15.7.2",
      "resolved": "https://registry.npmjs.org/prop-types/-/prop-types-15.7.2.tgz",
      "integrity": "sha512-8QQikdH7//R2vurIJSutZ1smHYTcLpRWEOlHnzcWHmBYrOGUysKwSsrC89BCiFj3CbrfJ/nXFdJepOVrY1GCHQ==",
      "requires": {
        "loose-envify": "^1.4.0",
        "object-assign": "^4.1.1",
        "react-is": "^16.8.1"
      },
      "dependencies": {
        "react-is": {
          "version": "16.13.1",
          "resolved": "https://registry.npmjs.org/react-is/-/react-is-16.13.1.tgz",
          "integrity": "sha512-24e6ynE2H+OKt4kqsOvNd8kBpV65zoxbA4BVsEOB3ARVWQki/DHzaUoC5KuON/BiccDaCCTZBuOcfZs70kR8bQ=="
        }
      }
    },
    "react-is": {
      "version": "17.0.2",
      "resolved": "https://registry.npmjs.org/react-is/-/react-is-17.0.2.tgz",
      "integrity": "sha512-w2GsyukL62IJnlaff/nRegPQR94C/XXamvMWmSHRJ4y7Ts/4ocGRmTHvOs8PSE6pB3dWOrD/nueuU5sduBsQ4w=="
    },
    "react-router": {
      "version": "6.0.1",
      "resolved": "https://registry.npmjs.org/react-router/-/react-router-6.0.1.tgz",
      "integrity": "sha512-O3iab52icFnQaHWONZr50CcjRlf3gx8CCjPQ0YxN8xEuEklRJNgoZSeoYFYz0fLvA4cpnhc306Nd8BYgL4QZrQ==",
      "requires": {
        "history": "^5.1.0"
      }
    },
    "react-router-dom": {
      "version": "6.0.1",
      "resolved": "https://registry.npmjs.org/react-router-dom/-/react-router-dom-6.0.1.tgz",
      "integrity": "sha512-fiE+PzFTrof5q8Z/+RHzuiin9/U/q5KY2adlHClwYexbY0DqJnHcC/0U9yv3Amz9em2/bcK7X8mk7+zxB+qhvg==",
      "requires": {
        "history": "^5.1.0",
        "react-router": "6.0.1"
      }
    },
    "react-transition-group": {
      "version": "4.4.2",
      "resolved": "https://registry.npmjs.org/react-transition-group/-/react-transition-group-4.4.2.tgz",
      "integrity": "sha512-/RNYfRAMlZwDSr6z4zNKV6xu53/e2BuaBbGhbyYIXTrmgu/bGHzmqOs7mJSJBHy9Ud+ApHx3QjrkKSp1pxvlFg==",
      "requires": {
        "@babel/runtime": "^7.5.5",
        "dom-helpers": "^5.0.1",
        "loose-envify": "^1.4.0",
        "prop-types": "^15.6.2"
      }
    },
    "regenerator-runtime": {
      "version": "0.13.9",
      "resolved": "https://registry.npmjs.org/regenerator-runtime/-/regenerator-runtime-0.13.9.tgz",
      "integrity": "sha512-p3VT+cOEgxFsRRA9X4lkI1E+k2/CtnKtU4gcxyaCUreilL/vqI6CdZ3wxVUx3UOUg+gnUOQQcRI7BmSI656MYA=="
    },
    "stylis": {
      "version": "4.0.10",
      "resolved": "https://registry.npmjs.org/stylis/-/stylis-4.0.10.tgz",
      "integrity": "sha512-m3k+dk7QeJw660eIKRRn3xPF6uuvHs/FFzjX3HQ5ove0qYsiygoAhwn5a3IYKaZPo5LrYD0rfVmtv1gNY1uYwg=="
    }
  }
}
